// !$*UTF8*$!
{
	archiveVersion = 1;
	classes = {
	};
	objectVersion = 46;
	objects = {

/* Begin PBXBuildFile section */
		ACCB0F591B2E1D9C0029DAD6 /* main.cpp in Sources */ = {isa = PBXBuildFile; fileRef = ACCB0F581B2E1D9C0029DAD6 /* main.cpp */; };
		ACCB0F801B2E1E460029DAD6 /* aligner1.cpp in Sources */ = {isa = PBXBuildFile; fileRef = ACCB0F601B2E1E460029DAD6 /* aligner1.cpp */; };
		ACCB0F811B2E1E460029DAD6 /* coverage.cpp in Sources */ = {isa = PBXBuildFile; fileRef = ACCB0F631B2E1E460029DAD6 /* coverage.cpp */; };
		ACCB0F821B2E1E460029DAD6 /* genome_index.cpp in Sources */ = {isa = PBXBuildFile; fileRef = ACCB0F651B2E1E460029DAD6 /* genome_index.cpp */; };
		ACCB0F831B2E1E460029DAD6 /* headers.cpp in Sources */ = {isa = PBXBuildFile; fileRef = ACCB0F671B2E1E460029DAD6 /* headers.cpp */; };
		ACCB0F841B2E1E460029DAD6 /* heap.cpp in Sources */ = {isa = PBXBuildFile; fileRef = ACCB0F691B2E1E460029DAD6 /* heap.cpp */; };
		ACCB0F851B2E1E460029DAD6 /* helpers.cpp in Sources */ = {isa = PBXBuildFile; fileRef = ACCB0F6B1B2E1E460029DAD6 /* helpers.cpp */; };
		ACCB0F861B2E1E460029DAD6 /* IO.cpp in Sources */ = {isa = PBXBuildFile; fileRef = ACCB0F6D1B2E1E460029DAD6 /* IO.cpp */; };
		ACCB0F871B2E1E460029DAD6 /* key_manager.cpp in Sources */ = {isa = PBXBuildFile; fileRef = ACCB0F6F1B2E1E460029DAD6 /* key_manager.cpp */; };
		ACCB0F881B2E1E460029DAD6 /* match_string.cpp in Sources */ = {isa = PBXBuildFile; fileRef = ACCB0F711B2E1E460029DAD6 /* match_string.cpp */; };
		ACCB0F891B2E1E460029DAD6 /* parameters.cpp in Sources */ = {isa = PBXBuildFile; fileRef = ACCB0F731B2E1E460029DAD6 /* parameters.cpp */; };
		ACCB0F8A1B2E1E460029DAD6 /* prescan.cpp in Sources */ = {isa = PBXBuildFile; fileRef = ACCB0F751B2E1E460029DAD6 /* prescan.cpp */; };
		ACCB0F8B1B2E1E460029DAD6 /* score.cpp in Sources */ = {isa = PBXBuildFile; fileRef = ACCB0F771B2E1E460029DAD6 /* score.cpp */; };
		ACCB0F8C1B2E1E460029DAD6 /* second_phase.cpp in Sources */ = {isa = PBXBuildFile; fileRef = ACCB0F791B2E1E460029DAD6 /* second_phase.cpp */; };
		ACCB0F8D1B2E1E460029DAD6 /* statistics.cpp in Sources */ = {isa = PBXBuildFile; fileRef = ACCB0F7B1B2E1E460029DAD6 /* statistics.cpp */; };
		ACCB0F8E1B2E1E460029DAD6 /* statistics2.cpp in Sources */ = {isa = PBXBuildFile; fileRef = ACCB0F7D1B2E1E460029DAD6 /* statistics2.cpp */; };
/* End PBXBuildFile section */

/* Begin PBXCopyFilesBuildPhase section */
		ACCB0F531B2E1D9C0029DAD6 /* CopyFiles */ = {
			isa = PBXCopyFilesBuildPhase;
			buildActionMask = 2147483647;
			dstPath = /usr/share/man/man1/;
			dstSubfolderSpec = 0;
			files = (
			);
			runOnlyForDeploymentPostprocessing = 1;
		};
/* End PBXCopyFilesBuildPhase section */

/* Begin PBXFileReference section */
		ACCB0F551B2E1D9C0029DAD6 /* RNAAligner */ = {isa = PBXFileReference; explicitFileType = "compiled.mach-o.executable"; includeInIndex = 0; path = RNAAligner; sourceTree = BUILT_PRODUCTS_DIR; };
		ACCB0F581B2E1D9C0029DAD6 /* main.cpp */ = {isa = PBXFileReference; lastKnownFileType = sourcecode.cpp.cpp; path = main.cpp; sourceTree = "<group>"; };
		ACCB0F601B2E1E460029DAD6 /* aligner1.cpp */ = {isa = PBXFileReference; fileEncoding = 4; lastKnownFileType = sourcecode.cpp.cpp; path = aligner1.cpp; sourceTree = "<group>"; };
		ACCB0F611B2E1E460029DAD6 /* config.h */ = {isa = PBXFileReference; fileEncoding = 4; lastKnownFileType = sourcecode.c.h; path = config.h; sourceTree = "<group>"; };
		ACCB0F621B2E1E460029DAD6 /* const.h */ = {isa = PBXFileReference; fileEncoding = 4; lastKnownFileType = sourcecode.c.h; path = const.h; sourceTree = "<group>"; };
		ACCB0F631B2E1E460029DAD6 /* coverage.cpp */ = {isa = PBXFileReference; fileEncoding = 4; lastKnownFileType = sourcecode.cpp.cpp; path = coverage.cpp; sourceTree = "<group>"; };
		ACCB0F641B2E1E460029DAD6 /* coverage.h */ = {isa = PBXFileReference; fileEncoding = 4; lastKnownFileType = sourcecode.c.h; path = coverage.h; sourceTree = "<group>"; };
		ACCB0F651B2E1E460029DAD6 /* genome_index.cpp */ = {isa = PBXFileReference; fileEncoding = 4; lastKnownFileType = sourcecode.cpp.cpp; path = genome_index.cpp; sourceTree = "<group>"; };
		ACCB0F661B2E1E460029DAD6 /* genome_index.h */ = {isa = PBXFileReference; fileEncoding = 4; lastKnownFileType = sourcecode.c.h; path = genome_index.h; sourceTree = "<group>"; };
		ACCB0F671B2E1E460029DAD6 /* headers.cpp */ = {isa = PBXFileReference; fileEncoding = 4; lastKnownFileType = sourcecode.cpp.cpp; path = headers.cpp; sourceTree = "<group>"; };
		ACCB0F681B2E1E460029DAD6 /* headers.h */ = {isa = PBXFileReference; fileEncoding = 4; lastKnownFileType = sourcecode.c.h; path = headers.h; sourceTree = "<group>"; };
		ACCB0F691B2E1E460029DAD6 /* heap.cpp */ = {isa = PBXFileReference; fileEncoding = 4; lastKnownFileType = sourcecode.cpp.cpp; path = heap.cpp; sourceTree = "<group>"; };
		ACCB0F6A1B2E1E460029DAD6 /* heap.h */ = {isa = PBXFileReference; fileEncoding = 4; lastKnownFileType = sourcecode.c.h; path = heap.h; sourceTree = "<group>"; };
		ACCB0F6B1B2E1E460029DAD6 /* helpers.cpp */ = {isa = PBXFileReference; fileEncoding = 4; lastKnownFileType = sourcecode.cpp.cpp; path = helpers.cpp; sourceTree = "<group>"; };
		ACCB0F6C1B2E1E460029DAD6 /* helpers.h */ = {isa = PBXFileReference; fileEncoding = 4; lastKnownFileType = sourcecode.c.h; path = helpers.h; sourceTree = "<group>"; };
		ACCB0F6D1B2E1E460029DAD6 /* IO.cpp */ = {isa = PBXFileReference; fileEncoding = 4; lastKnownFileType = sourcecode.cpp.cpp; path = IO.cpp; sourceTree = "<group>"; };
		ACCB0F6E1B2E1E460029DAD6 /* IO.h */ = {isa = PBXFileReference; fileEncoding = 4; lastKnownFileType = sourcecode.c.h; path = IO.h; sourceTree = "<group>"; };
		ACCB0F6F1B2E1E460029DAD6 /* key_manager.cpp */ = {isa = PBXFileReference; fileEncoding = 4; lastKnownFileType = sourcecode.cpp.cpp; path = key_manager.cpp; sourceTree = "<group>"; };
		ACCB0F701B2E1E460029DAD6 /* key_manager.h */ = {isa = PBXFileReference; fileEncoding = 4; lastKnownFileType = sourcecode.c.h; path = key_manager.h; sourceTree = "<group>"; };
		ACCB0F711B2E1E460029DAD6 /* match_string.cpp */ = {isa = PBXFileReference; fileEncoding = 4; lastKnownFileType = sourcecode.cpp.cpp; path = match_string.cpp; sourceTree = "<group>"; };
		ACCB0F721B2E1E460029DAD6 /* match_string.h */ = {isa = PBXFileReference; fileEncoding = 4; lastKnownFileType = sourcecode.c.h; path = match_string.h; sourceTree = "<group>"; };
		ACCB0F731B2E1E460029DAD6 /* parameters.cpp */ = {isa = PBXFileReference; fileEncoding = 4; lastKnownFileType = sourcecode.cpp.cpp; path = parameters.cpp; sourceTree = "<group>"; };
		ACCB0F741B2E1E460029DAD6 /* parameters.h */ = {isa = PBXFileReference; fileEncoding = 4; lastKnownFileType = sourcecode.c.h; path = parameters.h; sourceTree = "<group>"; };
		ACCB0F751B2E1E460029DAD6 /* prescan.cpp */ = {isa = PBXFileReference; fileEncoding = 4; lastKnownFileType = sourcecode.cpp.cpp; path = prescan.cpp; sourceTree = "<group>"; };
		ACCB0F761B2E1E460029DAD6 /* prescan.h */ = {isa = PBXFileReference; fileEncoding = 4; lastKnownFileType = sourcecode.c.h; path = prescan.h; sourceTree = "<group>"; };
		ACCB0F771B2E1E460029DAD6 /* score.cpp */ = {isa = PBXFileReference; fileEncoding = 4; lastKnownFileType = sourcecode.cpp.cpp; path = score.cpp; sourceTree = "<group>"; };
		ACCB0F781B2E1E460029DAD6 /* score.h */ = {isa = PBXFileReference; fileEncoding = 4; lastKnownFileType = sourcecode.c.h; path = score.h; sourceTree = "<group>"; };
		ACCB0F791B2E1E460029DAD6 /* second_phase.cpp */ = {isa = PBXFileReference; fileEncoding = 4; lastKnownFileType = sourcecode.cpp.cpp; path = second_phase.cpp; sourceTree = "<group>"; };
		ACCB0F7A1B2E1E460029DAD6 /* second_phase.h */ = {isa = PBXFileReference; fileEncoding = 4; lastKnownFileType = sourcecode.c.h; path = second_phase.h; sourceTree = "<group>"; };
		ACCB0F7B1B2E1E460029DAD6 /* statistics.cpp */ = {isa = PBXFileReference; fileEncoding = 4; lastKnownFileType = sourcecode.cpp.cpp; path = statistics.cpp; sourceTree = "<group>"; };
		ACCB0F7C1B2E1E460029DAD6 /* statistics.h */ = {isa = PBXFileReference; fileEncoding = 4; lastKnownFileType = sourcecode.c.h; path = statistics.h; sourceTree = "<group>"; };
		ACCB0F7D1B2E1E460029DAD6 /* statistics2.cpp */ = {isa = PBXFileReference; fileEncoding = 4; lastKnownFileType = sourcecode.cpp.cpp; path = statistics2.cpp; sourceTree = "<group>"; };
		ACCB0F7E1B2E1E460029DAD6 /* statistics2.h */ = {isa = PBXFileReference; fileEncoding = 4; lastKnownFileType = sourcecode.c.h; path = statistics2.h; sourceTree = "<group>"; };
/* End PBXFileReference section */

/* Begin PBXFrameworksBuildPhase section */
		ACCB0F521B2E1D9C0029DAD6 /* Frameworks */ = {
			isa = PBXFrameworksBuildPhase;
			buildActionMask = 2147483647;
			files = (
			);
			runOnlyForDeploymentPostprocessing = 0;
		};
/* End PBXFrameworksBuildPhase section */

/* Begin PBXGroup section */
		ACCB0F4C1B2E1D9C0029DAD6 = {
			isa = PBXGroup;
			children = (
				ACCB0F571B2E1D9C0029DAD6 /* RNAAligner */,
				ACCB0F561B2E1D9C0029DAD6 /* Products */,
			);
			sourceTree = "<group>";
		};
		ACCB0F561B2E1D9C0029DAD6 /* Products */ = {
			isa = PBXGroup;
			children = (
				ACCB0F551B2E1D9C0029DAD6 /* RNAAligner */,
			);
			name = Products;
			sourceTree = "<group>";
		};
		ACCB0F571B2E1D9C0029DAD6 /* RNAAligner */ = {
			isa = PBXGroup;
			children = (
				ACCB0F581B2E1D9C0029DAD6 /* main.cpp */,
				ACCB0F601B2E1E460029DAD6 /* aligner1.cpp */,
				ACCB0F611B2E1E460029DAD6 /* config.h */,
				ACCB0F621B2E1E460029DAD6 /* const.h */,
				ACCB0F631B2E1E460029DAD6 /* coverage.cpp */,
				ACCB0F641B2E1E460029DAD6 /* coverage.h */,
				ACCB0F651B2E1E460029DAD6 /* genome_index.cpp */,
				ACCB0F661B2E1E460029DAD6 /* genome_index.h */,
				ACCB0F671B2E1E460029DAD6 /* headers.cpp */,
				ACCB0F681B2E1E460029DAD6 /* headers.h */,
				ACCB0F691B2E1E460029DAD6 /* heap.cpp */,
				ACCB0F6A1B2E1E460029DAD6 /* heap.h */,
				ACCB0F6B1B2E1E460029DAD6 /* helpers.cpp */,
				ACCB0F6C1B2E1E460029DAD6 /* helpers.h */,
				ACCB0F6D1B2E1E460029DAD6 /* IO.cpp */,
				ACCB0F6E1B2E1E460029DAD6 /* IO.h */,
				ACCB0F6F1B2E1E460029DAD6 /* key_manager.cpp */,
				ACCB0F701B2E1E460029DAD6 /* key_manager.h */,
				ACCB0F711B2E1E460029DAD6 /* match_string.cpp */,
				ACCB0F721B2E1E460029DAD6 /* match_string.h */,
				ACCB0F731B2E1E460029DAD6 /* parameters.cpp */,
				ACCB0F741B2E1E460029DAD6 /* parameters.h */,
				ACCB0F751B2E1E460029DAD6 /* prescan.cpp */,
				ACCB0F761B2E1E460029DAD6 /* prescan.h */,
				ACCB0F771B2E1E460029DAD6 /* score.cpp */,
				ACCB0F781B2E1E460029DAD6 /* score.h */,
				ACCB0F791B2E1E460029DAD6 /* second_phase.cpp */,
				ACCB0F7A1B2E1E460029DAD6 /* second_phase.h */,
				ACCB0F7B1B2E1E460029DAD6 /* statistics.cpp */,
				ACCB0F7C1B2E1E460029DAD6 /* statistics.h */,
				ACCB0F7D1B2E1E460029DAD6 /* statistics2.cpp */,
				ACCB0F7E1B2E1E460029DAD6 /* statistics2.h */,
			);
			path = RNAAligner;
			sourceTree = "<group>";
		};
/* End PBXGroup section */

/* Begin PBXNativeTarget section */
		ACCB0F541B2E1D9C0029DAD6 /* RNAAligner */ = {
			isa = PBXNativeTarget;
			buildConfigurationList = ACCB0F5C1B2E1D9C0029DAD6 /* Build configuration list for PBXNativeTarget "RNAAligner" */;
			buildPhases = (
				ACCB0F511B2E1D9C0029DAD6 /* Sources */,
				ACCB0F521B2E1D9C0029DAD6 /* Frameworks */,
				ACCB0F531B2E1D9C0029DAD6 /* CopyFiles */,
			);
			buildRules = (
			);
			dependencies = (
			);
			name = RNAAligner;
			productName = RNAAligner;
			productReference = ACCB0F551B2E1D9C0029DAD6 /* RNAAligner */;
			productType = "com.apple.product-type.tool";
		};
/* End PBXNativeTarget section */

/* Begin PBXProject section */
		ACCB0F4D1B2E1D9C0029DAD6 /* Project object */ = {
			isa = PBXProject;
			attributes = {
				LastUpgradeCheck = 0630;
				ORGANIZATIONNAME = "Josip Maric";
				TargetAttributes = {
					ACCB0F541B2E1D9C0029DAD6 = {
						CreatedOnToolsVersion = 6.3.2;
					};
				};
			};
			buildConfigurationList = ACCB0F501B2E1D9C0029DAD6 /* Build configuration list for PBXProject "RNAAligner" */;
			compatibilityVersion = "Xcode 3.2";
			developmentRegion = English;
			hasScannedForEncodings = 0;
			knownRegions = (
				en,
			);
			mainGroup = ACCB0F4C1B2E1D9C0029DAD6;
			productRefGroup = ACCB0F561B2E1D9C0029DAD6 /* Products */;
			projectDirPath = "";
			projectRoot = "";
			targets = (
				ACCB0F541B2E1D9C0029DAD6 /* RNAAligner */,
			);
		};
/* End PBXProject section */

/* Begin PBXSourcesBuildPhase section */
		ACCB0F511B2E1D9C0029DAD6 /* Sources */ = {
			isa = PBXSourcesBuildPhase;
			buildActionMask = 2147483647;
			files = (
				ACCB0F881B2E1E460029DAD6 /* match_string.cpp in Sources */,
				ACCB0F821B2E1E460029DAD6 /* genome_index.cpp in Sources */,
				ACCB0F831B2E1E460029DAD6 /* headers.cpp in Sources */,
				ACCB0F871B2E1E460029DAD6 /* key_manager.cpp in Sources */,
				ACCB0F811B2E1E460029DAD6 /* coverage.cpp in Sources */,
				ACCB0F801B2E1E460029DAD6 /* aligner1.cpp in Sources */,
				ACCB0F591B2E1D9C0029DAD6 /* main.cpp in Sources */,
				ACCB0F8C1B2E1E460029DAD6 /* second_phase.cpp in Sources */,
				ACCB0F8B1B2E1E460029DAD6 /* score.cpp in Sources */,
				ACCB0F8D1B2E1E460029DAD6 /* statistics.cpp in Sources */,
				ACCB0F841B2E1E460029DAD6 /* heap.cpp in Sources */,
				ACCB0F8A1B2E1E460029DAD6 /* prescan.cpp in Sources */,
				ACCB0F8E1B2E1E460029DAD6 /* statistics2.cpp in Sources */,
				ACCB0F861B2E1E460029DAD6 /* IO.cpp in Sources */,
				ACCB0F851B2E1E460029DAD6 /* helpers.cpp in Sources */,
				ACCB0F891B2E1E460029DAD6 /* parameters.cpp in Sources */,
			);
			runOnlyForDeploymentPostprocessing = 0;
		};
/* End PBXSourcesBuildPhase section */

/* Begin XCBuildConfiguration section */
		ACCB0F5A1B2E1D9C0029DAD6 /* Debug */ = {
			isa = XCBuildConfiguration;
			buildSettings = {
				ALWAYS_SEARCH_USER_PATHS = NO;
				CLANG_CXX_LANGUAGE_STANDARD = "gnu++0x";
				CLANG_CXX_LIBRARY = "libc++";
				CLANG_ENABLE_MODULES = YES;
				CLANG_ENABLE_OBJC_ARC = YES;
				CLANG_WARN_BOOL_CONVERSION = YES;
				CLANG_WARN_CONSTANT_CONVERSION = YES;
				CLANG_WARN_DIRECT_OBJC_ISA_USAGE = YES_ERROR;
				CLANG_WARN_EMPTY_BODY = YES;
				CLANG_WARN_ENUM_CONVERSION = YES;
				CLANG_WARN_INT_CONVERSION = YES;
				CLANG_WARN_OBJC_ROOT_CLASS = YES_ERROR;
				CLANG_WARN_UNREACHABLE_CODE = YES;
				CLANG_WARN__DUPLICATE_METHOD_MATCH = YES;
				COPY_PHASE_STRIP = NO;
				DEBUG_INFORMATION_FORMAT = dwarf;
				ENABLE_STRICT_OBJC_MSGSEND = YES;
				GCC_C_LANGUAGE_STANDARD = gnu99;
				GCC_DYNAMIC_NO_PIC = NO;
				GCC_NO_COMMON_BLOCKS = YES;
				GCC_OPTIMIZATION_LEVEL = 0;
				GCC_PREPROCESSOR_DEFINITIONS = (
					"DEBUG=1",
					"$(inherited)",
				);
				GCC_SYMBOLS_PRIVATE_EXTERN = NO;
				GCC_WARN_64_TO_32_BIT_CONVERSION = YES;
				GCC_WARN_ABOUT_RETURN_TYPE = YES_ERROR;
				GCC_WARN_UNDECLARED_SELECTOR = YES;
				GCC_WARN_UNINITIALIZED_AUTOS = YES_AGGRESSIVE;
				GCC_WARN_UNUSED_FUNCTION = YES;
				GCC_WARN_UNUSED_VARIABLE = YES;
				MACOSX_DEPLOYMENT_TARGET = 10.10;
				MTL_ENABLE_DEBUG_INFO = YES;
				ONLY_ACTIVE_ARCH = YES;
				SDKROOT = macosx;
			};
			name = Debug;
		};
		ACCB0F5B1B2E1D9C0029DAD6 /* Release */ = {
			isa = XCBuildConfiguration;
			buildSettings = {
				ALWAYS_SEARCH_USER_PATHS = NO;
				CLANG_CXX_LANGUAGE_STANDARD = "gnu++0x";
				CLANG_CXX_LIBRARY = "libc++";
				CLANG_ENABLE_MODULES = YES;
				CLANG_ENABLE_OBJC_ARC = YES;
				CLANG_WARN_BOOL_CONVERSION = YES;
				CLANG_WARN_CONSTANT_CONVERSION = YES;
				CLANG_WARN_DIRECT_OBJC_ISA_USAGE = YES_ERROR;
				CLANG_WARN_EMPTY_BODY = YES;
				CLANG_WARN_ENUM_CONVERSION = YES;
				CLANG_WARN_INT_CONVERSION = YES;
				CLANG_WARN_OBJC_ROOT_CLASS = YES_ERROR;
				CLANG_WARN_UNREACHABLE_CODE = YES;
				CLANG_WARN__DUPLICATE_METHOD_MATCH = YES;
				COPY_PHASE_STRIP = NO;
				DEBUG_INFORMATION_FORMAT = "dwarf-with-dsym";
				ENABLE_NS_ASSERTIONS = NO;
				ENABLE_STRICT_OBJC_MSGSEND = YES;
				GCC_C_LANGUAGE_STANDARD = gnu99;
				GCC_NO_COMMON_BLOCKS = YES;
				GCC_WARN_64_TO_32_BIT_CONVERSION = YES;
				GCC_WARN_ABOUT_RETURN_TYPE = YES_ERROR;
				GCC_WARN_UNDECLARED_SELECTOR = YES;
				GCC_WARN_UNINITIALIZED_AUTOS = YES_AGGRESSIVE;
				GCC_WARN_UNUSED_FUNCTION = YES;
				GCC_WARN_UNUSED_VARIABLE = YES;
				MACOSX_DEPLOYMENT_TARGET = 10.10;
				MTL_ENABLE_DEBUG_INFO = NO;
				SDKROOT = macosx;
			};
			name = Release;
		};
		ACCB0F5D1B2E1D9C0029DAD6 /* Debug */ = {
			isa = XCBuildConfiguration;
			buildSettings = {
				PRODUCT_NAME = "$(TARGET_NAME)";
			};
			name = Debug;
		};
		ACCB0F5E1B2E1D9C0029DAD6 /* Release */ = {
			isa = XCBuildConfiguration;
			buildSettings = {
				PRODUCT_NAME = "$(TARGET_NAME)";
			};
			name = Release;
		};
/* End XCBuildConfiguration section */

/* Begin XCConfigurationList section */
		ACCB0F501B2E1D9C0029DAD6 /* Build configuration list for PBXProject "RNAAligner" */ = {
			isa = XCConfigurationList;
			buildConfigurations = (
				ACCB0F5A1B2E1D9C0029DAD6 /* Debug */,
				ACCB0F5B1B2E1D9C0029DAD6 /* Release */,
			);
			defaultConfigurationIsVisible = 0;
			defaultConfigurationName = Release;
		};
		ACCB0F5C1B2E1D9C0029DAD6 /* Build configuration list for PBXNativeTarget "RNAAligner" */ = {
			isa = XCConfigurationList;
			buildConfigurations = (
				ACCB0F5D1B2E1D9C0029DAD6 /* Debug */,
				ACCB0F5E1B2E1D9C0029DAD6 /* Release */,
			);
			defaultConfigurationIsVisible = 0;
		};
/* End XCConfigurationList section */
	};
	rootObject = ACCB0F4D1B2E1D9C0029DAD6 /* Project object */;
}
